
Microsoft Visual Studio Solution File, Format Version 12.00
# Visual Studio Version 16
VisualStudioVersion = 16.0.29215.179
MinimumVisualStudioVersion = 10.0.40219.1
Project("{9A19103F-16F7-4668-BE54-9A1E7A4F7556}") = "Lanina.Public.Web.Api", "Lanina.Public.Web.Api.csproj", "{D2114445-3F02-4C45-AFDB-D1420030C49F}"
EndProject
Global
	GlobalSection(SolutionConfigurationPlatforms) = preSolution
		Debug|Any CPU = Debug|Any CPU
		Release|Any CPU = Release|Any CPU
	EndGlobalSection
	GlobalSection(ProjectConfigurationPlatforms) = postSolution
		{D2114445-3F02-4C45-AFDB-D1420030C49F}.Debug|Any CPU.ActiveCfg = Debug|Any CPU
		{D2114445-3F02-4C45-AFDB-D1420030C49F}.Debug|Any CPU.Build.0 = Debug|Any CPU
		{D2114445-3F02-4C45-AFDB-D1420030C49F}.Release|Any CPU.ActiveCfg = Release|Any CPU
		{D2114445-3F02-4C45-AFDB-D1420030C49F}.Release|Any CPU.Build.0 = Release|Any CPU
	EndGlobalSection
	GlobalSection(SolutionProperties) = preSolution
		HideSolutionNode = FALSE
	EndGlobalSection
	GlobalSection(ExtensibilityGlobals) = postSolution
		SolutionGuid = {1FD37349-AF37-4401-8FE8-F546D6728D0E}
	EndGlobalSection
EndGlobal
